
Microsoft Visual Studio Solution File, Format Version 12.00
# Visual Studio Version 16
VisualStudioVersion = 16.0.30204.135
MinimumVisualStudioVersion = 10.0.40219.1
Project("{FAE04EC0-301F-11D3-BF4B-00C04F79EFBC}") = "PExer02", "PExer02\PExer02.csproj", "{4BE53E40-6636-417B-A612-836A5EC20558}"
EndProject
Global
	GlobalSection(SolutionConfigurationPlatforms) = preSolution
		Debug|Any CPU = Debug|Any CPU
		Release|Any CPU = Release|Any CPU
	EndGlobalSection
	GlobalSection(ProjectConfigurationPlatforms) = postSolution
		{4BE53E40-6636-417B-A612-836A5EC20558}.Debug|Any CPU.ActiveCfg = Debug|Any CPU
		{4BE53E40-6636-417B-A612-836A5EC20558}.Debug|Any CPU.Build.0 = Debug|Any CPU
		{4BE53E40-6636-417B-A612-836A5EC20558}.Release|Any CPU.ActiveCfg = Release|Any CPU
		{4BE53E40-6636-417B-A612-836A5EC20558}.Release|Any CPU.Build.0 = Release|Any CPU
	EndGlobalSection
	GlobalSection(SolutionProperties) = preSolution
		HideSolutionNode = FALSE
	EndGlobalSection
	GlobalSection(ExtensibilityGlobals) = postSolution
		SolutionGuid = {CC15C4BD-05D8-4711-B567-538B7A9B3954}
	EndGlobalSection
EndGlobal
