
Microsoft Visual Studio Solution File, Format Version 12.00
# Visual Studio Version 16
VisualStudioVersion = 16.0.30204.135
MinimumVisualStudioVersion = 10.0.40219.1
Project("{FAE04EC0-301F-11D3-BF4B-00C04F79EFBC}") = "PExer03", "PExer03\PExer03.csproj", "{25B21A66-22BD-4DA2-8396-DDDCCD28F666}"
EndProject
Global
	GlobalSection(SolutionConfigurationPlatforms) = preSolution
		Debug|Any CPU = Debug|Any CPU
		Release|Any CPU = Release|Any CPU
	EndGlobalSection
	GlobalSection(ProjectConfigurationPlatforms) = postSolution
		{25B21A66-22BD-4DA2-8396-DDDCCD28F666}.Debug|Any CPU.ActiveCfg = Debug|Any CPU
		{25B21A66-22BD-4DA2-8396-DDDCCD28F666}.Debug|Any CPU.Build.0 = Debug|Any CPU
		{25B21A66-22BD-4DA2-8396-DDDCCD28F666}.Release|Any CPU.ActiveCfg = Release|Any CPU
		{25B21A66-22BD-4DA2-8396-DDDCCD28F666}.Release|Any CPU.Build.0 = Release|Any CPU
	EndGlobalSection
	GlobalSection(SolutionProperties) = preSolution
		HideSolutionNode = FALSE
	EndGlobalSection
	GlobalSection(ExtensibilityGlobals) = postSolution
		SolutionGuid = {8991C5EF-7924-4B4C-8D7B-6042B5FDFAA8}
	EndGlobalSection
EndGlobal
