
Microsoft Visual Studio Solution File, Format Version 12.00
# Visual Studio Version 16
VisualStudioVersion = 16.0.30204.135
MinimumVisualStudioVersion = 10.0.40219.1
Project("{FAE04EC0-301F-11D3-BF4B-00C04F79EFBC}") = "ILinkedList", "ILinkedList\ILinkedList.csproj", "{5FC0E08F-EF6B-4EC5-9125-75F8DE294697}"
EndProject
Global
	GlobalSection(SolutionConfigurationPlatforms) = preSolution
		Debug|Any CPU = Debug|Any CPU
		Release|Any CPU = Release|Any CPU
	EndGlobalSection
	GlobalSection(ProjectConfigurationPlatforms) = postSolution
		{5FC0E08F-EF6B-4EC5-9125-75F8DE294697}.Debug|Any CPU.ActiveCfg = Debug|Any CPU
		{5FC0E08F-EF6B-4EC5-9125-75F8DE294697}.Debug|Any CPU.Build.0 = Debug|Any CPU
		{5FC0E08F-EF6B-4EC5-9125-75F8DE294697}.Release|Any CPU.ActiveCfg = Release|Any CPU
		{5FC0E08F-EF6B-4EC5-9125-75F8DE294697}.Release|Any CPU.Build.0 = Release|Any CPU
	EndGlobalSection
	GlobalSection(SolutionProperties) = preSolution
		HideSolutionNode = FALSE
	EndGlobalSection
	GlobalSection(ExtensibilityGlobals) = postSolution
		SolutionGuid = {F461B9EB-2510-4F10-BF47-5EB76D38A0E2}
	EndGlobalSection
EndGlobal
