
Microsoft Visual Studio Solution File, Format Version 12.00
# Visual Studio Version 16
VisualStudioVersion = 16.0.30204.135
MinimumVisualStudioVersion = 10.0.40219.1
Project("{FAE04EC0-301F-11D3-BF4B-00C04F79EFBC}") = "DoublyLinkedList", "DoublyLinkedList\DoublyLinkedList.csproj", "{D4634822-481D-46B2-9405-E04BE93A039F}"
EndProject
Global
	GlobalSection(SolutionConfigurationPlatforms) = preSolution
		Debug|Any CPU = Debug|Any CPU
		Release|Any CPU = Release|Any CPU
	EndGlobalSection
	GlobalSection(ProjectConfigurationPlatforms) = postSolution
		{D4634822-481D-46B2-9405-E04BE93A039F}.Debug|Any CPU.ActiveCfg = Debug|Any CPU
		{D4634822-481D-46B2-9405-E04BE93A039F}.Debug|Any CPU.Build.0 = Debug|Any CPU
		{D4634822-481D-46B2-9405-E04BE93A039F}.Release|Any CPU.ActiveCfg = Release|Any CPU
		{D4634822-481D-46B2-9405-E04BE93A039F}.Release|Any CPU.Build.0 = Release|Any CPU
	EndGlobalSection
	GlobalSection(SolutionProperties) = preSolution
		HideSolutionNode = FALSE
	EndGlobalSection
	GlobalSection(ExtensibilityGlobals) = postSolution
		SolutionGuid = {F4850624-30A8-40F2-942F-5C9FE6AA9A92}
	EndGlobalSection
EndGlobal
