
Microsoft Visual Studio Solution File, Format Version 12.00
# Visual Studio Version 16
VisualStudioVersion = 16.0.30204.135
MinimumVisualStudioVersion = 10.0.40219.1
Project("{FAE04EC0-301F-11D3-BF4B-00C04F79EFBC}") = "_2_StackAndQueue", "_2_StackAndQueue\_2_StackAndQueue.csproj", "{B1032F8C-EA6C-43AE-9434-3AA5434B0C25}"
EndProject
Global
	GlobalSection(SolutionConfigurationPlatforms) = preSolution
		Debug|Any CPU = Debug|Any CPU
		Release|Any CPU = Release|Any CPU
	EndGlobalSection
	GlobalSection(ProjectConfigurationPlatforms) = postSolution
		{B1032F8C-EA6C-43AE-9434-3AA5434B0C25}.Debug|Any CPU.ActiveCfg = Debug|Any CPU
		{B1032F8C-EA6C-43AE-9434-3AA5434B0C25}.Debug|Any CPU.Build.0 = Debug|Any CPU
		{B1032F8C-EA6C-43AE-9434-3AA5434B0C25}.Release|Any CPU.ActiveCfg = Release|Any CPU
		{B1032F8C-EA6C-43AE-9434-3AA5434B0C25}.Release|Any CPU.Build.0 = Release|Any CPU
	EndGlobalSection
	GlobalSection(SolutionProperties) = preSolution
		HideSolutionNode = FALSE
	EndGlobalSection
	GlobalSection(ExtensibilityGlobals) = postSolution
		SolutionGuid = {A8A17F54-BF2D-4783-9864-56FE2914BE11}
	EndGlobalSection
EndGlobal
